
Microsoft Visual Studio Solution File, Format Version 12.00
# Visual Studio Version 17
VisualStudioVersion = 17.3.32804.467
MinimumVisualStudioVersion = 10.0.40219.1
Project("{FAE04EC0-301F-11D3-BF4B-00C04F79EFBC}") = "BankApplication", "BankApplication\BankApplication.csproj", "{C6672B90-5773-4FEC-982C-83005389520F}"
EndProject
Global
	GlobalSection(SolutionConfigurationPlatforms) = preSolution
		Debug|Any CPU = Debug|Any CPU
		Release|Any CPU = Release|Any CPU
	EndGlobalSection
	GlobalSection(ProjectConfigurationPlatforms) = postSolution
		{C6672B90-5773-4FEC-982C-83005389520F}.Debug|Any CPU.ActiveCfg = Debug|Any CPU
		{C6672B90-5773-4FEC-982C-83005389520F}.Debug|Any CPU.Build.0 = Debug|Any CPU
		{C6672B90-5773-4FEC-982C-83005389520F}.Release|Any CPU.ActiveCfg = Release|Any CPU
		{C6672B90-5773-4FEC-982C-83005389520F}.Release|Any CPU.Build.0 = Release|Any CPU
	EndGlobalSection
	GlobalSection(SolutionProperties) = preSolution
		HideSolutionNode = FALSE
	EndGlobalSection
	GlobalSection(ExtensibilityGlobals) = postSolution
		SolutionGuid = {173C53B1-2BD5-4D5A-BA2A-121834306CB6}
	EndGlobalSection
EndGlobal
